// !$*UTF8*$!
{
	archiveVersion = 1;
	classes = {
	};
	objectVersion = 52;
	objects = {

/* Begin PBXBuildFile section */
		F9195A6525C4346D00C7D38F /* GestureRecognizerModel.mlmodel in Sources */ = {isa = PBXBuildFile; fileRef = F9195A6425C4346D00C7D38F /* GestureRecognizerModel.mlmodel */; };
		F9195A6625C4346D00C7D38F /* GestureRecognizerModel.mlmodel in Sources */ = {isa = PBXBuildFile; fileRef = F9195A6425C4346D00C7D38F /* GestureRecognizerModel.mlmodel */; };
		F9195A7025C4351A00C7D38F /* GestureRecognitionView.swift in Sources */ = {isa = PBXBuildFile; fileRef = F9195A6F25C4351A00C7D38F /* GestureRecognitionView.swift */; };
		F9195A7125C4351A00C7D38F /* GestureRecognitionView.swift in Sources */ = {isa = PBXBuildFile; fileRef = F9195A6F25C4351A00C7D38F /* GestureRecognitionView.swift */; };
		F9195A7C25C43B4700C7D38F /* UIImage+Extensions.swift in Sources */ = {isa = PBXBuildFile; fileRef = F9195A7B25C43B4700C7D38F /* UIImage+Extensions.swift */; };
		F9195A7D25C43B4700C7D38F /* UIImage+Extensions.swift in Sources */ = {isa = PBXBuildFile; fileRef = F9195A7B25C43B4700C7D38F /* UIImage+Extensions.swift */; };
		F9195A8F25C442D200C7D38F /* HomeView.swift in Sources */ = {isa = PBXBuildFile; fileRef = F9195A8E25C442D200C7D38F /* HomeView.swift */; };
		F9195A9025C442D200C7D38F /* HomeView.swift in Sources */ = {isa = PBXBuildFile; fileRef = F9195A8E25C442D200C7D38F /* HomeView.swift */; };
		F93CDD1125C2924600D56F65 /* GestureDocumentStoreView.swift in Sources */ = {isa = PBXBuildFile; fileRef = F93CDD1025C2924600D56F65 /* GestureDocumentStoreView.swift */; };
		F93CDD1B25C293B100D56F65 /* DocumentStore.swift in Sources */ = {isa = PBXBuildFile; fileRef = F93CDD1A25C293B100D56F65 /* DocumentStore.swift */; };
		F93CDD2125C293ED00D56F65 /* GestureDocumentStore.swift in Sources */ = {isa = PBXBuildFile; fileRef = F93CDD2025C293ED00D56F65 /* GestureDocumentStore.swift */; };
		F93CDD3525C2A88400D56F65 /* GestureDocumentStoreFolderView.swift in Sources */ = {isa = PBXBuildFile; fileRef = F93CDD3425C2A88400D56F65 /* GestureDocumentStoreFolderView.swift */; };
		F93CDD3F25C2A8B500D56F65 /* GestureDocumentStoreFileView.swift in Sources */ = {isa = PBXBuildFile; fileRef = F93CDD3E25C2A8B500D56F65 /* GestureDocumentStoreFileView.swift */; };
		F99F0C8825BAEE1200E94668 /* DrawingCanvas.swift in Sources */ = {isa = PBXBuildFile; fileRef = F99F0C8725BAEE1200E94668 /* DrawingCanvas.swift */; };
		F9D75D8C25C39C7A0095D45F /* Zip in Frameworks */ = {isa = PBXBuildFile; productRef = F9D75D8B25C39C7A0095D45F /* Zip */; };
		F9F6D4A825C11CA800112D28 /* Document.swift in Sources */ = {isa = PBXBuildFile; fileRef = F9F6D4A725C11CA800112D28 /* Document.swift */; };
		F9F6D4BC25C11FE300112D28 /* GestureDocument.swift in Sources */ = {isa = PBXBuildFile; fileRef = F9F6D4BB25C11FE300112D28 /* GestureDocument.swift */; };
		F9F6D4CA25C1212700112D28 /* GestureDocumentView.swift in Sources */ = {isa = PBXBuildFile; fileRef = F9F6D4C925C1212700112D28 /* GestureDocumentView.swift */; };
		F9FDBB5725B99DAA00BBB7D0 /* Tests_iOS.swift in Sources */ = {isa = PBXBuildFile; fileRef = F9FDBB5625B99DAA00BBB7D0 /* Tests_iOS.swift */; };
		F9FDBB6225B99DAA00BBB7D0 /* Tests_macOS.swift in Sources */ = {isa = PBXBuildFile; fileRef = F9FDBB6125B99DAA00BBB7D0 /* Tests_macOS.swift */; };
		F9FDBB6425B99DAA00BBB7D0 /* GestureRecognizerApp.swift in Sources */ = {isa = PBXBuildFile; fileRef = F9FDBB3B25B99DA700BBB7D0 /* GestureRecognizerApp.swift */; };
		F9FDBB6525B99DAA00BBB7D0 /* GestureRecognizerApp.swift in Sources */ = {isa = PBXBuildFile; fileRef = F9FDBB3B25B99DA700BBB7D0 /* GestureRecognizerApp.swift */; };
		F9FDBB6825B99DAA00BBB7D0 /* Assets.xcassets in Resources */ = {isa = PBXBuildFile; fileRef = F9FDBB3D25B99DAA00BBB7D0 /* Assets.xcassets */; };
		F9FDBB6925B99DAA00BBB7D0 /* Assets.xcassets in Resources */ = {isa = PBXBuildFile; fileRef = F9FDBB3D25B99DAA00BBB7D0 /* Assets.xcassets */; };
/* End PBXBuildFile section */

/* Begin PBXContainerItemProxy section */
		F9FDBB5325B99DAA00BBB7D0 /* PBXContainerItemProxy */ = {
			isa = PBXContainerItemProxy;
			containerPortal = F9FDBB3625B99DA700BBB7D0 /* Project object */;
			proxyType = 1;
			remoteGlobalIDString = F9FDBB4125B99DAA00BBB7D0;
			remoteInfo = "gesture_generator (iOS)";
		};
		F9FDBB5E25B99DAA00BBB7D0 /* PBXContainerItemProxy */ = {
			isa = PBXContainerItemProxy;
			containerPortal = F9FDBB3625B99DA700BBB7D0 /* Project object */;
			proxyType = 1;
			remoteGlobalIDString = F9FDBB4925B99DAA00BBB7D0;
			remoteInfo = "gesture_generator (macOS)";
		};
/* End PBXContainerItemProxy section */

/* Begin PBXFileReference section */
		F9195A6425C4346D00C7D38F /* GestureRecognizerModel.mlmodel */ = {isa = PBXFileReference; lastKnownFileType = file.mlmodel; path = GestureRecognizerModel.mlmodel; sourceTree = "<group>"; };
		F9195A6F25C4351A00C7D38F /* GestureRecognitionView.swift */ = {isa = PBXFileReference; lastKnownFileType = sourcecode.swift; path = GestureRecognitionView.swift; sourceTree = "<group>"; };
		F9195A7B25C43B4700C7D38F /* UIImage+Extensions.swift */ = {isa = PBXFileReference; lastKnownFileType = sourcecode.swift; path = "UIImage+Extensions.swift"; sourceTree = "<group>"; };
		F9195A8E25C442D200C7D38F /* HomeView.swift */ = {isa = PBXFileReference; lastKnownFileType = sourcecode.swift; path = HomeView.swift; sourceTree = "<group>"; };
		F93CDD1025C2924600D56F65 /* GestureDocumentStoreView.swift */ = {isa = PBXFileReference; lastKnownFileType = sourcecode.swift; path = GestureDocumentStoreView.swift; sourceTree = "<group>"; };
		F93CDD1A25C293B100D56F65 /* DocumentStore.swift */ = {isa = PBXFileReference; lastKnownFileType = sourcecode.swift; path = DocumentStore.swift; sourceTree = "<group>"; };
		F93CDD2025C293ED00D56F65 /* GestureDocumentStore.swift */ = {isa = PBXFileReference; lastKnownFileType = sourcecode.swift; path = GestureDocumentStore.swift; sourceTree = "<group>"; };
		F93CDD3425C2A88400D56F65 /* GestureDocumentStoreFolderView.swift */ = {isa = PBXFileReference; lastKnownFileType = sourcecode.swift; path = GestureDocumentStoreFolderView.swift; sourceTree = "<group>"; };
		F93CDD3E25C2A8B500D56F65 /* GestureDocumentStoreFileView.swift */ = {isa = PBXFileReference; lastKnownFileType = sourcecode.swift; path = GestureDocumentStoreFileView.swift; sourceTree = "<group>"; };
		F99F0C8725BAEE1200E94668 /* DrawingCanvas.swift */ = {isa = PBXFileReference; lastKnownFileType = sourcecode.swift; path = DrawingCanvas.swift; sourceTree = "<group>"; };
		F9F6D4A725C11CA800112D28 /* Document.swift */ = {isa = PBXFileReference; lastKnownFileType = sourcecode.swift; path = Document.swift; sourceTree = "<group>"; };
		F9F6D4BB25C11FE300112D28 /* GestureDocument.swift */ = {isa = PBXFileReference; lastKnownFileType = sourcecode.swift; path = GestureDocument.swift; sourceTree = "<group>"; };
		F9F6D4C925C1212700112D28 /* GestureDocumentView.swift */ = {isa = PBXFileReference; lastKnownFileType = sourcecode.swift; path = GestureDocumentView.swift; sourceTree = "<group>"; };
		F9FDBB3B25B99DA700BBB7D0 /* GestureRecognizerApp.swift */ = {isa = PBXFileReference; lastKnownFileType = sourcecode.swift; path = GestureRecognizerApp.swift; sourceTree = "<group>"; };
		F9FDBB3D25B99DAA00BBB7D0 /* Assets.xcassets */ = {isa = PBXFileReference; lastKnownFileType = folder.assetcatalog; path = Assets.xcassets; sourceTree = "<group>"; };
		F9FDBB4225B99DAA00BBB7D0 /* gesture_generator.app */ = {isa = PBXFileReference; explicitFileType = wrapper.application; includeInIndex = 0; path = gesture_generator.app; sourceTree = BUILT_PRODUCTS_DIR; };
		F9FDBB4525B99DAA00BBB7D0 /* Info.plist */ = {isa = PBXFileReference; lastKnownFileType = text.plist.xml; path = Info.plist; sourceTree = "<group>"; };
		F9FDBB4A25B99DAA00BBB7D0 /* gesture_generator.app */ = {isa = PBXFileReference; explicitFileType = wrapper.application; includeInIndex = 0; path = gesture_generator.app; sourceTree = BUILT_PRODUCTS_DIR; };
		F9FDBB4C25B99DAA00BBB7D0 /* Info.plist */ = {isa = PBXFileReference; lastKnownFileType = text.plist.xml; path = Info.plist; sourceTree = "<group>"; };
		F9FDBB4D25B99DAA00BBB7D0 /* macOS.entitlements */ = {isa = PBXFileReference; lastKnownFileType = text.plist.entitlements; path = macOS.entitlements; sourceTree = "<group>"; };
		F9FDBB5225B99DAA00BBB7D0 /* Tests iOS.xctest */ = {isa = PBXFileReference; explicitFileType = wrapper.cfbundle; includeInIndex = 0; path = "Tests iOS.xctest"; sourceTree = BUILT_PRODUCTS_DIR; };
		F9FDBB5625B99DAA00BBB7D0 /* Tests_iOS.swift */ = {isa = PBXFileReference; lastKnownFileType = sourcecode.swift; path = Tests_iOS.swift; sourceTree = "<group>"; };
		F9FDBB5825B99DAA00BBB7D0 /* Info.plist */ = {isa = PBXFileReference; lastKnownFileType = text.plist.xml; path = Info.plist; sourceTree = "<group>"; };
		F9FDBB5D25B99DAA00BBB7D0 /* Tests macOS.xctest */ = {isa = PBXFileReference; explicitFileType = wrapper.cfbundle; includeInIndex = 0; path = "Tests macOS.xctest"; sourceTree = BUILT_PRODUCTS_DIR; };
		F9FDBB6125B99DAA00BBB7D0 /* Tests_macOS.swift */ = {isa = PBXFileReference; lastKnownFileType = sourcecode.swift; path = Tests_macOS.swift; sourceTree = "<group>"; };
		F9FDBB6325B99DAA00BBB7D0 /* Info.plist */ = {isa = PBXFileReference; lastKnownFileType = text.plist.xml; path = Info.plist; sourceTree = "<group>"; };
/* End PBXFileReference section */

/* Begin PBXFrameworksBuildPhase section */
		F9FDBB3F25B99DAA00BBB7D0 /* Frameworks */ = {
			isa = PBXFrameworksBuildPhase;
			buildActionMask = 2147483647;
			files = (
				F9D75D8C25C39C7A0095D45F /* Zip in Frameworks */,
			);
			runOnlyForDeploymentPostprocessing = 0;
		};
		F9FDBB4725B99DAA00BBB7D0 /* Frameworks */ = {
			isa = PBXFrameworksBuildPhase;
			buildActionMask = 2147483647;
			files = (
			);
			runOnlyForDeploymentPostprocessing = 0;
		};
		F9FDBB4F25B99DAA00BBB7D0 /* Frameworks */ = {
			isa = PBXFrameworksBuildPhase;
			buildActionMask = 2147483647;
			files = (
			);
			runOnlyForDeploymentPostprocessing = 0;
		};
		F9FDBB5A25B99DAA00BBB7D0 /* Frameworks */ = {
			isa = PBXFrameworksBuildPhase;
			buildActionMask = 2147483647;
			files = (
			);
			runOnlyForDeploymentPostprocessing = 0;
		};
/* End PBXFrameworksBuildPhase section */

/* Begin PBXGroup section */
		F9195A7A25C43B3100C7D38F /* Extensions */ = {
			isa = PBXGroup;
			children = (
				F9195A7B25C43B4700C7D38F /* UIImage+Extensions.swift */,
			);
			path = Extensions;
			sourceTree = "<group>";
		};
		F99F0C6025BAEA9F00E94668 /* Views */ = {
			isa = PBXGroup;
			children = (
				F9195A8E25C442D200C7D38F /* HomeView.swift */,
				F9195A6F25C4351A00C7D38F /* GestureRecognitionView.swift */,
				F9F6D4C925C1212700112D28 /* GestureDocumentView.swift */,
				F93CDD1025C2924600D56F65 /* GestureDocumentStoreView.swift */,
				F93CDD3425C2A88400D56F65 /* GestureDocumentStoreFolderView.swift */,
				F93CDD3E25C2A8B500D56F65 /* GestureDocumentStoreFileView.swift */,
				F99F0C8725BAEE1200E94668 /* DrawingCanvas.swift */,
			);
			path = Views;
			sourceTree = "<group>";
		};
		F99F0C9F25BB0DF500E94668 /* Models */ = {
			isa = PBXGroup;
			children = (
				F9F6D4A725C11CA800112D28 /* Document.swift */,
				F93CDD1A25C293B100D56F65 /* DocumentStore.swift */,
			);
			path = Models;
			sourceTree = "<group>";
		};
		F9F6D49F25C0E47000112D28 /* ViewModels */ = {
			isa = PBXGroup;
			children = (
				F9F6D4BB25C11FE300112D28 /* GestureDocument.swift */,
				F93CDD2025C293ED00D56F65 /* GestureDocumentStore.swift */,
			);
			path = ViewModels;
			sourceTree = "<group>";
		};
		F9FDBB3525B99DA700BBB7D0 = {
			isa = PBXGroup;
			children = (
				F9FDBB3A25B99DA700BBB7D0 /* Shared */,
				F9FDBB4425B99DAA00BBB7D0 /* iOS */,
				F9FDBB4B25B99DAA00BBB7D0 /* macOS */,
				F9FDBB5525B99DAA00BBB7D0 /* Tests iOS */,
				F9FDBB6025B99DAA00BBB7D0 /* Tests macOS */,
				F9FDBB4325B99DAA00BBB7D0 /* Products */,
			);
			sourceTree = "<group>";
		};
		F9FDBB3A25B99DA700BBB7D0 /* Shared */ = {
			isa = PBXGroup;
			children = (
				F9195A6425C4346D00C7D38F /* GestureRecognizerModel.mlmodel */,
				F9195A7A25C43B3100C7D38F /* Extensions */,
				F9F6D49F25C0E47000112D28 /* ViewModels */,
				F99F0C9F25BB0DF500E94668 /* Models */,
				F99F0C6025BAEA9F00E94668 /* Views */,
				F9FDBB3B25B99DA700BBB7D0 /* GestureRecognizerApp.swift */,
				F9FDBB3D25B99DAA00BBB7D0 /* Assets.xcassets */,
			);
			path = Shared;
			sourceTree = "<group>";
		};
		F9FDBB4325B99DAA00BBB7D0 /* Products */ = {
			isa = PBXGroup;
			children = (
				F9FDBB4225B99DAA00BBB7D0 /* gesture_generator.app */,
				F9FDBB4A25B99DAA00BBB7D0 /* gesture_generator.app */,
				F9FDBB5225B99DAA00BBB7D0 /* Tests iOS.xctest */,
				F9FDBB5D25B99DAA00BBB7D0 /* Tests macOS.xctest */,
			);
			name = Products;
			sourceTree = "<group>";
		};
		F9FDBB4425B99DAA00BBB7D0 /* iOS */ = {
			isa = PBXGroup;
			children = (
				F9FDBB4525B99DAA00BBB7D0 /* Info.plist */,
			);
			path = iOS;
			sourceTree = "<group>";
		};
		F9FDBB4B25B99DAA00BBB7D0 /* macOS */ = {
			isa = PBXGroup;
			children = (
				F9FDBB4C25B99DAA00BBB7D0 /* Info.plist */,
				F9FDBB4D25B99DAA00BBB7D0 /* macOS.entitlements */,
			);
			path = macOS;
			sourceTree = "<group>";
		};
		F9FDBB5525B99DAA00BBB7D0 /* Tests iOS */ = {
			isa = PBXGroup;
			children = (
				F9FDBB5625B99DAA00BBB7D0 /* Tests_iOS.swift */,
				F9FDBB5825B99DAA00BBB7D0 /* Info.plist */,
			);
			path = "Tests iOS";
			sourceTree = "<group>";
		};
		F9FDBB6025B99DAA00BBB7D0 /* Tests macOS */ = {
			isa = PBXGroup;
			children = (
				F9FDBB6125B99DAA00BBB7D0 /* Tests_macOS.swift */,
				F9FDBB6325B99DAA00BBB7D0 /* Info.plist */,
			);
			path = "Tests macOS";
			sourceTree = "<group>";
		};
/* End PBXGroup section */

/* Begin PBXNativeTarget section */
		F9FDBB4125B99DAA00BBB7D0 /* gesture_generator (iOS) */ = {
			isa = PBXNativeTarget;
			buildConfigurationList = F9FDBB6C25B99DAA00BBB7D0 /* Build configuration list for PBXNativeTarget "gesture_generator (iOS)" */;
			buildPhases = (
				F9FDBB3E25B99DAA00BBB7D0 /* Sources */,
				F9FDBB3F25B99DAA00BBB7D0 /* Frameworks */,
				F9FDBB4025B99DAA00BBB7D0 /* Resources */,
			);
			buildRules = (
			);
			dependencies = (
			);
			name = "gesture_generator (iOS)";
			packageProductDependencies = (
				F9D75D8B25C39C7A0095D45F /* Zip */,
			);
			productName = "gesture_generator (iOS)";
			productReference = F9FDBB4225B99DAA00BBB7D0 /* gesture_generator.app */;
			productType = "com.apple.product-type.application";
		};
		F9FDBB4925B99DAA00BBB7D0 /* gesture_generator (macOS) */ = {
			isa = PBXNativeTarget;
			buildConfigurationList = F9FDBB6F25B99DAA00BBB7D0 /* Build configuration list for PBXNativeTarget "gesture_generator (macOS)" */;
			buildPhases = (
				F9FDBB4625B99DAA00BBB7D0 /* Sources */,
				F9FDBB4725B99DAA00BBB7D0 /* Frameworks */,
				F9FDBB4825B99DAA00BBB7D0 /* Resources */,
			);
			buildRules = (
			);
			dependencies = (
			);
			name = "gesture_generator (macOS)";
			productName = "gesture_generator (macOS)";
			productReference = F9FDBB4A25B99DAA00BBB7D0 /* gesture_generator.app */;
			productType = "com.apple.product-type.application";
		};
		F9FDBB5125B99DAA00BBB7D0 /* Tests iOS */ = {
			isa = PBXNativeTarget;
			buildConfigurationList = F9FDBB7225B99DAA00BBB7D0 /* Build configuration list for PBXNativeTarget "Tests iOS" */;
			buildPhases = (
				F9FDBB4E25B99DAA00BBB7D0 /* Sources */,
				F9FDBB4F25B99DAA00BBB7D0 /* Frameworks */,
				F9FDBB5025B99DAA00BBB7D0 /* Resources */,
			);
			buildRules = (
			);
			dependencies = (
				F9FDBB5425B99DAA00BBB7D0 /* PBXTargetDependency */,
			);
			name = "Tests iOS";
			productName = "Tests iOS";
			productReference = F9FDBB5225B99DAA00BBB7D0 /* Tests iOS.xctest */;
			productType = "com.apple.product-type.bundle.ui-testing";
		};
		F9FDBB5C25B99DAA00BBB7D0 /* Tests macOS */ = {
			isa = PBXNativeTarget;
			buildConfigurationList = F9FDBB7525B99DAA00BBB7D0 /* Build configuration list for PBXNativeTarget "Tests macOS" */;
			buildPhases = (
				F9FDBB5925B99DAA00BBB7D0 /* Sources */,
				F9FDBB5A25B99DAA00BBB7D0 /* Frameworks */,
				F9FDBB5B25B99DAA00BBB7D0 /* Resources */,
			);
			buildRules = (
			);
			dependencies = (
				F9FDBB5F25B99DAA00BBB7D0 /* PBXTargetDependency */,
			);
			name = "Tests macOS";
			productName = "Tests macOS";
			productReference = F9FDBB5D25B99DAA00BBB7D0 /* Tests macOS.xctest */;
			productType = "com.apple.product-type.bundle.ui-testing";
		};
/* End PBXNativeTarget section */

/* Begin PBXProject section */
		F9FDBB3625B99DA700BBB7D0 /* Project object */ = {
			isa = PBXProject;
			attributes = {
				LastSwiftUpdateCheck = 1230;
				LastUpgradeCheck = 1230;
				TargetAttributes = {
					F9FDBB4125B99DAA00BBB7D0 = {
						CreatedOnToolsVersion = 12.3;
					};
					F9FDBB4925B99DAA00BBB7D0 = {
						CreatedOnToolsVersion = 12.3;
					};
					F9FDBB5125B99DAA00BBB7D0 = {
						CreatedOnToolsVersion = 12.3;
						TestTargetID = F9FDBB4125B99DAA00BBB7D0;
					};
					F9FDBB5C25B99DAA00BBB7D0 = {
						CreatedOnToolsVersion = 12.3;
						TestTargetID = F9FDBB4925B99DAA00BBB7D0;
					};
				};
			};
			buildConfigurationList = F9FDBB3925B99DA700BBB7D0 /* Build configuration list for PBXProject "gesture_generator" */;
			compatibilityVersion = "Xcode 9.3";
			developmentRegion = en;
			hasScannedForEncodings = 0;
			knownRegions = (
				en,
				Base,
			);
			mainGroup = F9FDBB3525B99DA700BBB7D0;
			packageReferences = (
				F9D75D8A25C39C7A0095D45F /* XCRemoteSwiftPackageReference "Zip" */,
			);
			productRefGroup = F9FDBB4325B99DAA00BBB7D0 /* Products */;
			projectDirPath = "";
			projectRoot = "";
			targets = (
				F9FDBB4125B99DAA00BBB7D0 /* gesture_generator (iOS) */,
				F9FDBB4925B99DAA00BBB7D0 /* gesture_generator (macOS) */,
				F9FDBB5125B99DAA00BBB7D0 /* Tests iOS */,
				F9FDBB5C25B99DAA00BBB7D0 /* Tests macOS */,
			);
		};
/* End PBXProject section */

/* Begin PBXResourcesBuildPhase section */
		F9FDBB4025B99DAA00BBB7D0 /* Resources */ = {
			isa = PBXResourcesBuildPhase;
			buildActionMask = 2147483647;
			files = (
				F9FDBB6825B99DAA00BBB7D0 /* Assets.xcassets in Resources */,
			);
			runOnlyForDeploymentPostprocessing = 0;
		};
		F9FDBB4825B99DAA00BBB7D0 /* Resources */ = {
			isa = PBXResourcesBuildPhase;
			buildActionMask = 2147483647;
			files = (
				F9FDBB6925B99DAA00BBB7D0 /* Assets.xcassets in Resources */,
			);
			runOnlyForDeploymentPostprocessing = 0;
		};
		F9FDBB5025B99DAA00BBB7D0 /* Resources */ = {
			isa = PBXResourcesBuildPhase;
			buildActionMask = 2147483647;
			files = (
			);
			runOnlyForDeploymentPostprocessing = 0;
		};
		F9FDBB5B25B99DAA00BBB7D0 /* Resources */ = {
			isa = PBXResourcesBuildPhase;
			buildActionMask = 2147483647;
			files = (
			);
			runOnlyForDeploymentPostprocessing = 0;
		};
/* End PBXResourcesBuildPhase section */

/* Begin PBXSourcesBuildPhase section */
		F9FDBB3E25B99DAA00BBB7D0 /* Sources */ = {
			isa = PBXSourcesBuildPhase;
			buildActionMask = 2147483647;
			files = (
				F93CDD1125C2924600D56F65 /* GestureDocumentStoreView.swift in Sources */,
				F93CDD2125C293ED00D56F65 /* GestureDocumentStore.swift in Sources */,
				F9195A8F25C442D200C7D38F /* HomeView.swift in Sources */,
				F93CDD3F25C2A8B500D56F65 /* GestureDocumentStoreFileView.swift in Sources */,
				F9F6D4CA25C1212700112D28 /* GestureDocumentView.swift in Sources */,
				F93CDD1B25C293B100D56F65 /* DocumentStore.swift in Sources */,
				F9195A6525C4346D00C7D38F /* GestureRecognizerModel.mlmodel in Sources */,
				F93CDD3525C2A88400D56F65 /* GestureDocumentStoreFolderView.swift in Sources */,
				F9F6D4A825C11CA800112D28 /* Document.swift in Sources */,
				F99F0C8825BAEE1200E94668 /* DrawingCanvas.swift in Sources */,
				F9F6D4BC25C11FE300112D28 /* GestureDocument.swift in Sources */,
				F9195A7C25C43B4700C7D38F /* UIImage+Extensions.swift in Sources */,
				F9195A7025C4351A00C7D38F /* GestureRecognitionView.swift in Sources */,
				F9FDBB6425B99DAA00BBB7D0 /* GestureRecognizerApp.swift in Sources */,
			);
			runOnlyForDeploymentPostprocessing = 0;
		};
		F9FDBB4625B99DAA00BBB7D0 /* Sources */ = {
			isa = PBXSourcesBuildPhase;
			buildActionMask = 2147483647;
			files = (
				F9195A7125C4351A00C7D38F /* GestureRecognitionView.swift in Sources */,
				F9195A6625C4346D00C7D38F /* GestureRecognizerModel.mlmodel in Sources */,
				F9FDBB6525B99DAA00BBB7D0 /* GestureRecognizerApp.swift in Sources */,
				F9195A9025C442D200C7D38F /* HomeView.swift in Sources */,
				F9195A7D25C43B4700C7D38F /* UIImage+Extensions.swift in Sources */,
			);
			runOnlyForDeploymentPostprocessing = 0;
		};
		F9FDBB4E25B99DAA00BBB7D0 /* Sources */ = {
			isa = PBXSourcesBuildPhase;
			buildActionMask = 2147483647;
			files = (
				F9FDBB5725B99DAA00BBB7D0 /* Tests_iOS.swift in Sources */,
			);
			runOnlyForDeploymentPostprocessing = 0;
		};
		F9FDBB5925B99DAA00BBB7D0 /* Sources */ = {
			isa = PBXSourcesBuildPhase;
			buildActionMask = 2147483647;
			files = (
				F9FDBB6225B99DAA00BBB7D0 /* Tests_macOS.swift in Sources */,
			);
			runOnlyForDeploymentPostprocessing = 0;
		};
/* End PBXSourcesBuildPhase section */

/* Begin PBXTargetDependency section */
		F9FDBB5425B99DAA00BBB7D0 /* PBXTargetDependency */ = {
			isa = PBXTargetDependency;
			target = F9FDBB4125B99DAA00BBB7D0 /* gesture_generator (iOS) */;
			targetProxy = F9FDBB5325B99DAA00BBB7D0 /* PBXContainerItemProxy */;
		};
		F9FDBB5F25B99DAA00BBB7D0 /* PBXTargetDependency */ = {
			isa = PBXTargetDependency;
			target = F9FDBB4925B99DAA00BBB7D0 /* gesture_generator (macOS) */;
			targetProxy = F9FDBB5E25B99DAA00BBB7D0 /* PBXContainerItemProxy */;
		};
/* End PBXTargetDependency section */

/* Begin XCBuildConfiguration section */
		F9FDBB6A25B99DAA00BBB7D0 /* Debug */ = {
			isa = XCBuildConfiguration;
			buildSettings = {
				ALWAYS_SEARCH_USER_PATHS = NO;
				CLANG_ANALYZER_NONNULL = YES;
				CLANG_ANALYZER_NUMBER_OBJECT_CONVERSION = YES_AGGRESSIVE;
				CLANG_CXX_LANGUAGE_STANDARD = "gnu++14";
				CLANG_CXX_LIBRARY = "libc++";
				CLANG_ENABLE_MODULES = YES;
				CLANG_ENABLE_OBJC_ARC = YES;
				CLANG_ENABLE_OBJC_WEAK = YES;
				CLANG_WARN_BLOCK_CAPTURE_AUTORELEASING = YES;
				CLANG_WARN_BOOL_CONVERSION = YES;
				CLANG_WARN_COMMA = YES;
				CLANG_WARN_CONSTANT_CONVERSION = YES;
				CLANG_WARN_DEPRECATED_OBJC_IMPLEMENTATIONS = YES;
				CLANG_WARN_DIRECT_OBJC_ISA_USAGE = YES_ERROR;
				CLANG_WARN_DOCUMENTATION_COMMENTS = YES;
				CLANG_WARN_EMPTY_BODY = YES;
				CLANG_WARN_ENUM_CONVERSION = YES;
				CLANG_WARN_INFINITE_RECURSION = YES;
				CLANG_WARN_INT_CONVERSION = YES;
				CLANG_WARN_NON_LITERAL_NULL_CONVERSION = YES;
				CLANG_WARN_OBJC_IMPLICIT_RETAIN_SELF = YES;
				CLANG_WARN_OBJC_LITERAL_CONVERSION = YES;
				CLANG_WARN_OBJC_ROOT_CLASS = YES_ERROR;
				CLANG_WARN_QUOTED_INCLUDE_IN_FRAMEWORK_HEADER = YES;
				CLANG_WARN_RANGE_LOOP_ANALYSIS = YES;
				CLANG_WARN_STRICT_PROTOTYPES = YES;
				CLANG_WARN_SUSPICIOUS_MOVE = YES;
				CLANG_WARN_UNGUARDED_AVAILABILITY = YES_AGGRESSIVE;
				CLANG_WARN_UNREACHABLE_CODE = YES;
				CLANG_WARN__DUPLICATE_METHOD_MATCH = YES;
				COPY_PHASE_STRIP = NO;
				DEBUG_INFORMATION_FORMAT = dwarf;
				ENABLE_STRICT_OBJC_MSGSEND = YES;
				ENABLE_TESTABILITY = YES;
				GCC_C_LANGUAGE_STANDARD = gnu11;
				GCC_DYNAMIC_NO_PIC = NO;
				GCC_NO_COMMON_BLOCKS = YES;
				GCC_OPTIMIZATION_LEVEL = 0;
				GCC_PREPROCESSOR_DEFINITIONS = (
					"DEBUG=1",
					"$(inherited)",
				);
				GCC_WARN_64_TO_32_BIT_CONVERSION = YES;
				GCC_WARN_ABOUT_RETURN_TYPE = YES_ERROR;
				GCC_WARN_UNDECLARED_SELECTOR = YES;
				GCC_WARN_UNINITIALIZED_AUTOS = YES_AGGRESSIVE;
				GCC_WARN_UNUSED_FUNCTION = YES;
				GCC_WARN_UNUSED_VARIABLE = YES;
				MTL_ENABLE_DEBUG_INFO = INCLUDE_SOURCE;
				MTL_FAST_MATH = YES;
				ONLY_ACTIVE_ARCH = YES;
				SWIFT_ACTIVE_COMPILATION_CONDITIONS = DEBUG;
				SWIFT_OPTIMIZATION_LEVEL = "-Onone";
			};
			name = Debug;
		};
		F9FDBB6B25B99DAA00BBB7D0 /* Release */ = {
			isa = XCBuildConfiguration;
			buildSettings = {
				ALWAYS_SEARCH_USER_PATHS = NO;
				CLANG_ANALYZER_NONNULL = YES;
				CLANG_ANALYZER_NUMBER_OBJECT_CONVERSION = YES_AGGRESSIVE;
				CLANG_CXX_LANGUAGE_STANDARD = "gnu++14";
				CLANG_CXX_LIBRARY = "libc++";
				CLANG_ENABLE_MODULES = YES;
				CLANG_ENABLE_OBJC_ARC = YES;
				CLANG_ENABLE_OBJC_WEAK = YES;
				CLANG_WARN_BLOCK_CAPTURE_AUTORELEASING = YES;
				CLANG_WARN_BOOL_CONVERSION = YES;
				CLANG_WARN_COMMA = YES;
				CLANG_WARN_CONSTANT_CONVERSION = YES;
				CLANG_WARN_DEPRECATED_OBJC_IMPLEMENTATIONS = YES;
				CLANG_WARN_DIRECT_OBJC_ISA_USAGE = YES_ERROR;
				CLANG_WARN_DOCUMENTATION_COMMENTS = YES;
				CLANG_WARN_EMPTY_BODY = YES;
				CLANG_WARN_ENUM_CONVERSION = YES;
				CLANG_WARN_INFINITE_RECURSION = YES;
				CLANG_WARN_INT_CONVERSION = YES;
				CLANG_WARN_NON_LITERAL_NULL_CONVERSION = YES;
				CLANG_WARN_OBJC_IMPLICIT_RETAIN_SELF = YES;
				CLANG_WARN_OBJC_LITERAL_CONVERSION = YES;
				CLANG_WARN_OBJC_ROOT_CLASS = YES_ERROR;
				CLANG_WARN_QUOTED_INCLUDE_IN_FRAMEWORK_HEADER = YES;
				CLANG_WARN_RANGE_LOOP_ANALYSIS = YES;
				CLANG_WARN_STRICT_PROTOTYPES = YES;
				CLANG_WARN_SUSPICIOUS_MOVE = YES;
				CLANG_WARN_UNGUARDED_AVAILABILITY = YES_AGGRESSIVE;
				CLANG_WARN_UNREACHABLE_CODE = YES;
				CLANG_WARN__DUPLICATE_METHOD_MATCH = YES;
				COPY_PHASE_STRIP = NO;
				DEBUG_INFORMATION_FORMAT = "dwarf-with-dsym";
				ENABLE_NS_ASSERTIONS = NO;
				ENABLE_STRICT_OBJC_MSGSEND = YES;
				GCC_C_LANGUAGE_STANDARD = gnu11;
				GCC_NO_COMMON_BLOCKS = YES;
				GCC_WARN_64_TO_32_BIT_CONVERSION = YES;
				GCC_WARN_ABOUT_RETURN_TYPE = YES_ERROR;
				GCC_WARN_UNDECLARED_SELECTOR = YES;
				GCC_WARN_UNINITIALIZED_AUTOS = YES_AGGRESSIVE;
				GCC_WARN_UNUSED_FUNCTION = YES;
				GCC_WARN_UNUSED_VARIABLE = YES;
				MTL_ENABLE_DEBUG_INFO = NO;
				MTL_FAST_MATH = YES;
				SWIFT_COMPILATION_MODE = wholemodule;
				SWIFT_OPTIMIZATION_LEVEL = "-O";
			};
			name = Release;
		};
		F9FDBB6D25B99DAA00BBB7D0 /* Debug */ = {
			isa = XCBuildConfiguration;
			buildSettings = {
				ASSETCATALOG_COMPILER_APPICON_NAME = AppIcon;
				ASSETCATALOG_COMPILER_GLOBAL_ACCENT_COLOR_NAME = AccentColor;
				CODE_SIGN_STYLE = Automatic;
				DEVELOPMENT_TEAM = AP6LP5MK43;
				ENABLE_PREVIEWS = YES;
				INFOPLIST_FILE = iOS/Info.plist;
				IPHONEOS_DEPLOYMENT_TARGET = 14.0;
				LD_RUNPATH_SEARCH_PATHS = (
					"$(inherited)",
					"@executable_path/Frameworks",
				);
				PRODUCT_BUNDLE_IDENTIFIER = "minhdg.gesture-generator";
				PRODUCT_NAME = gesture_generator;
				SDKROOT = iphoneos;
				SWIFT_VERSION = 5.0;
				TARGETED_DEVICE_FAMILY = "1,2";
			};
			name = Debug;
		};
		F9FDBB6E25B99DAA00BBB7D0 /* Release */ = {
			isa = XCBuildConfiguration;
			buildSettings = {
				ASSETCATALOG_COMPILER_APPICON_NAME = AppIcon;
				ASSETCATALOG_COMPILER_GLOBAL_ACCENT_COLOR_NAME = AccentColor;
				CODE_SIGN_STYLE = Automatic;
				DEVELOPMENT_TEAM = AP6LP5MK43;
				ENABLE_PREVIEWS = YES;
				INFOPLIST_FILE = iOS/Info.plist;
				IPHONEOS_DEPLOYMENT_TARGET = 14.0;
				LD_RUNPATH_SEARCH_PATHS = (
					"$(inherited)",
					"@executable_path/Frameworks",
				);
				PRODUCT_BUNDLE_IDENTIFIER = "minhdg.gesture-generator";
				PRODUCT_NAME = gesture_generator;
				SDKROOT = iphoneos;
				SWIFT_VERSION = 5.0;
				TARGETED_DEVICE_FAMILY = "1,2";
				VALIDATE_PRODUCT = YES;
			};
			name = Release;
		};
		F9FDBB7025B99DAA00BBB7D0 /* Debug */ = {
			isa = XCBuildConfiguration;
			buildSettings = {
				ASSETCATALOG_COMPILER_APPICON_NAME = AppIcon;
				ASSETCATALOG_COMPILER_GLOBAL_ACCENT_COLOR_NAME = AccentColor;
				CODE_SIGN_ENTITLEMENTS = macOS/macOS.entitlements;
				CODE_SIGN_STYLE = Automatic;
				COMBINE_HIDPI_IMAGES = YES;
				ENABLE_PREVIEWS = YES;
				INFOPLIST_FILE = macOS/Info.plist;
				LD_RUNPATH_SEARCH_PATHS = (
					"$(inherited)",
					"@executable_path/../Frameworks",
				);
				MACOSX_DEPLOYMENT_TARGET = 11.0;
				PRODUCT_BUNDLE_IDENTIFIER = "minhdg.gesture-generator";
				PRODUCT_NAME = gesture_generator;
				SDKROOT = macosx;
				SWIFT_VERSION = 5.0;
			};
			name = Debug;
		};
		F9FDBB7125B99DAA00BBB7D0 /* Release */ = {
			isa = XCBuildConfiguration;
			buildSettings = {
				ASSETCATALOG_COMPILER_APPICON_NAME = AppIcon;
				ASSETCATALOG_COMPILER_GLOBAL_ACCENT_COLOR_NAME = AccentColor;
				CODE_SIGN_ENTITLEMENTS = macOS/macOS.entitlements;
				CODE_SIGN_STYLE = Automatic;
				COMBINE_HIDPI_IMAGES = YES;
				ENABLE_PREVIEWS = YES;
				INFOPLIST_FILE = macOS/Info.plist;
				LD_RUNPATH_SEARCH_PATHS = (
					"$(inherited)",
					"@executable_path/../Frameworks",
				);
				MACOSX_DEPLOYMENT_TARGET = 11.0;
				PRODUCT_BUNDLE_IDENTIFIER = "minhdg.gesture-generator";
				PRODUCT_NAME = gesture_generator;
				SDKROOT = macosx;
				SWIFT_VERSION = 5.0;
			};
			name = Release;
		};
		F9FDBB7325B99DAA00BBB7D0 /* Debug */ = {
			isa = XCBuildConfiguration;
			buildSettings = {
				ALWAYS_EMBED_SWIFT_STANDARD_LIBRARIES = YES;
				CODE_SIGN_STYLE = Automatic;
				INFOPLIST_FILE = "Tests iOS/Info.plist";
				IPHONEOS_DEPLOYMENT_TARGET = 14.3;
				LD_RUNPATH_SEARCH_PATHS = (
					"$(inherited)",
					"@executable_path/Frameworks",
					"@loader_path/Frameworks",
				);
				PRODUCT_BUNDLE_IDENTIFIER = "minhdg.Tests-iOS";
				PRODUCT_NAME = "$(TARGET_NAME)";
				SDKROOT = iphoneos;
				SWIFT_VERSION = 5.0;
				TARGETED_DEVICE_FAMILY = "1,2";
				TEST_TARGET_NAME = "gesture_generator (iOS)";
			};
			name = Debug;
		};
		F9FDBB7425B99DAA00BBB7D0 /* Release */ = {
			isa = XCBuildConfiguration;
			buildSettings = {
				ALWAYS_EMBED_SWIFT_STANDARD_LIBRARIES = YES;
				CODE_SIGN_STYLE = Automatic;
				INFOPLIST_FILE = "Tests iOS/Info.plist";
				IPHONEOS_DEPLOYMENT_TARGET = 14.3;
				LD_RUNPATH_SEARCH_PATHS = (
					"$(inherited)",
					"@executable_path/Frameworks",
					"@loader_path/Frameworks",
				);
				PRODUCT_BUNDLE_IDENTIFIER = "minhdg.Tests-iOS";
				PRODUCT_NAME = "$(TARGET_NAME)";
				SDKROOT = iphoneos;
				SWIFT_VERSION = 5.0;
				TARGETED_DEVICE_FAMILY = "1,2";
				TEST_TARGET_NAME = "gesture_generator (iOS)";
				VALIDATE_PRODUCT = YES;
			};
			name = Release;
		};
		F9FDBB7625B99DAA00BBB7D0 /* Debug */ = {
			isa = XCBuildConfiguration;
			buildSettings = {
				ALWAYS_EMBED_SWIFT_STANDARD_LIBRARIES = YES;
				CODE_SIGN_STYLE = Automatic;
				COMBINE_HIDPI_IMAGES = YES;
				INFOPLIST_FILE = "Tests macOS/Info.plist";
				LD_RUNPATH_SEARCH_PATHS = (
					"$(inherited)",
					"@executable_path/../Frameworks",
					"@loader_path/../Frameworks",
				);
				MACOSX_DEPLOYMENT_TARGET = 10.15;
				PRODUCT_BUNDLE_IDENTIFIER = "minhdg.Tests-macOS";
				PRODUCT_NAME = "$(TARGET_NAME)";
				SDKROOT = macosx;
				SWIFT_VERSION = 5.0;
				TEST_TARGET_NAME = "gesture_generator (macOS)";
			};
			name = Debug;
		};
		F9FDBB7725B99DAA00BBB7D0 /* Release */ = {
			isa = XCBuildConfiguration;
			buildSettings = {
				ALWAYS_EMBED_SWIFT_STANDARD_LIBRARIES = YES;
				CODE_SIGN_STYLE = Automatic;
				COMBINE_HIDPI_IMAGES = YES;
				INFOPLIST_FILE = "Tests macOS/Info.plist";
				LD_RUNPATH_SEARCH_PATHS = (
					"$(inherited)",
					"@executable_path/../Frameworks",
					"@loader_path/../Frameworks",
				);
				MACOSX_DEPLOYMENT_TARGET = 10.15;
				PRODUCT_BUNDLE_IDENTIFIER = "minhdg.Tests-macOS";
				PRODUCT_NAME = "$(TARGET_NAME)";
				SDKROOT = macosx;
				SWIFT_VERSION = 5.0;
				TEST_TARGET_NAME = "gesture_generator (macOS)";
			};
			name = Release;
		};
/* End XCBuildConfiguration section */

/* Begin XCConfigurationList section */
		F9FDBB3925B99DA700BBB7D0 /* Build configuration list for PBXProject "gesture_generator" */ = {
			isa = XCConfigurationList;
			buildConfigurations = (
				F9FDBB6A25B99DAA00BBB7D0 /* Debug */,
				F9FDBB6B25B99DAA00BBB7D0 /* Release */,
			);
			defaultConfigurationIsVisible = 0;
			defaultConfigurationName = Release;
		};
		F9FDBB6C25B99DAA00BBB7D0 /* Build configuration list for PBXNativeTarget "gesture_generator (iOS)" */ = {
			isa = XCConfigurationList;
			buildConfigurations = (
				F9FDBB6D25B99DAA00BBB7D0 /* Debug */,
				F9FDBB6E25B99DAA00BBB7D0 /* Release */,
			);
			defaultConfigurationIsVisible = 0;
			defaultConfigurationName = Release;
		};
		F9FDBB6F25B99DAA00BBB7D0 /* Build configuration list for PBXNativeTarget "gesture_generator (macOS)" */ = {
			isa = XCConfigurationList;
			buildConfigurations = (
				F9FDBB7025B99DAA00BBB7D0 /* Debug */,
				F9FDBB7125B99DAA00BBB7D0 /* Release */,
			);
			defaultConfigurationIsVisible = 0;
			defaultConfigurationName = Release;
		};
		F9FDBB7225B99DAA00BBB7D0 /* Build configuration list for PBXNativeTarget "Tests iOS" */ = {
			isa = XCConfigurationList;
			buildConfigurations = (
				F9FDBB7325B99DAA00BBB7D0 /* Debug */,
				F9FDBB7425B99DAA00BBB7D0 /* Release */,
			);
			defaultConfigurationIsVisible = 0;
			defaultConfigurationName = Release;
		};
		F9FDBB7525B99DAA00BBB7D0 /* Build configuration list for PBXNativeTarget "Tests macOS" */ = {
			isa = XCConfigurationList;
			buildConfigurations = (
				F9FDBB7625B99DAA00BBB7D0 /* Debug */,
				F9FDBB7725B99DAA00BBB7D0 /* Release */,
			);
			defaultConfigurationIsVisible = 0;
			defaultConfigurationName = Release;
		};
/* End XCConfigurationList section */

/* Begin XCRemoteSwiftPackageReference section */
		F9D75D8A25C39C7A0095D45F /* XCRemoteSwiftPackageReference "Zip" */ = {
			isa = XCRemoteSwiftPackageReference;
			repositoryURL = "https://github.com/marmelroy/Zip.git";
			requirement = {
				kind = upToNextMinorVersion;
				minimumVersion = 2.1.1;
			};
		};
/* End XCRemoteSwiftPackageReference section */

/* Begin XCSwiftPackageProductDependency section */
		F9D75D8B25C39C7A0095D45F /* Zip */ = {
			isa = XCSwiftPackageProductDependency;
			package = F9D75D8A25C39C7A0095D45F /* XCRemoteSwiftPackageReference "Zip" */;
			productName = Zip;
		};
/* End XCSwiftPackageProductDependency section */
	};
	rootObject = F9FDBB3625B99DA700BBB7D0 /* Project object */;
}
